
Microsoft Visual Studio Solution File, Format Version 12.00
Project("{FAE04EC0-301F-11D3-BF4B-00C04F79EFBC}") = "24_Lexicographic_Permutations", "24_Lexicographic_Permutations.csproj", "{BC5A371F-5BBD-4250-9885-D931BFA0B91A}"
EndProject
Global
	GlobalSection(SolutionConfigurationPlatforms) = preSolution
		Debug|Any CPU = Debug|Any CPU
		Release|Any CPU = Release|Any CPU
	EndGlobalSection
	GlobalSection(ProjectConfigurationPlatforms) = postSolution
		{BC5A371F-5BBD-4250-9885-D931BFA0B91A}.Debug|Any CPU.ActiveCfg = Debug|Any CPU
		{BC5A371F-5BBD-4250-9885-D931BFA0B91A}.Debug|Any CPU.Build.0 = Debug|Any CPU
		{BC5A371F-5BBD-4250-9885-D931BFA0B91A}.Release|Any CPU.ActiveCfg = Release|Any CPU
		{BC5A371F-5BBD-4250-9885-D931BFA0B91A}.Release|Any CPU.Build.0 = Release|Any CPU
	EndGlobalSection
EndGlobal
